
Microsoft Visual Studio Solution File, Format Version 12.00
# Visual Studio Version 17
VisualStudioVersion = 17.6.33723.286
MinimumVisualStudioVersion = 10.0.40219.1
Project("{9A19103F-16F7-4668-BE54-9A1E7A4F7556}") = "RJCP.IO.Path", "code\RJCP.IO.Path.csproj", "{B0F19903-302C-495C-9060-1B0E62C542FF}"
EndProject
Project("{2150E333-8FDC-42A3-9474-1A3956D46DE8}") = "Test", "Test", "{02B1B6C7-A205-4CEE-9D83-79E2BDE0EE1A}"
EndProject
Project("{9A19103F-16F7-4668-BE54-9A1E7A4F7556}") = "RJCP.IO.PathTest", "test\PathTest\RJCP.IO.PathTest.csproj", "{F5713213-D2C2-4EB9-944F-FC8244D4A557}"
EndProject
Project("{9A19103F-16F7-4668-BE54-9A1E7A4F7556}") = "RJCP.IO.PathTest.Legacy", "test\PathTest\RJCP.IO.PathTest.Legacy.csproj", "{3DE71CF9-7004-4025-B23D-57D67819EC10}"
EndProject
Project("{9A19103F-16F7-4668-BE54-9A1E7A4F7556}") = "RJCP.IO.PathBenchmark", "test\PathBenchmark\RJCP.IO.PathBenchmark.csproj", "{968065ED-7282-4202-91D3-898B0EC9F9BF}"
EndProject
Project("{9A19103F-16F7-4668-BE54-9A1E7A4F7556}") = "FileInfo", "test\FileInfo\FileInfo.csproj", "{C3C0F5DE-31D6-4072-B64E-9CA8AA475F26}"
EndProject
Project("{9A19103F-16F7-4668-BE54-9A1E7A4F7556}") = "FileInfoCheck", "test\FileInfoCheck\FileInfoCheck.csproj", "{CCF87667-CE3C-4FCA-BDD8-CBC176978512}"
EndProject
Global
	GlobalSection(SolutionConfigurationPlatforms) = preSolution
		Debug|Any CPU = Debug|Any CPU
		Debug|x64 = Debug|x64
		Debug|x86 = Debug|x86
		Release|Any CPU = Release|Any CPU
		Release|x64 = Release|x64
		Release|x86 = Release|x86
	EndGlobalSection
	GlobalSection(ProjectConfigurationPlatforms) = postSolution
		{B0F19903-302C-495C-9060-1B0E62C542FF}.Debug|Any CPU.ActiveCfg = Debug|Any CPU
		{B0F19903-302C-495C-9060-1B0E62C542FF}.Debug|Any CPU.Build.0 = Debug|Any CPU
		{B0F19903-302C-495C-9060-1B0E62C542FF}.Debug|x64.ActiveCfg = Debug|Any CPU
		{B0F19903-302C-495C-9060-1B0E62C542FF}.Debug|x64.Build.0 = Debug|Any CPU
		{B0F19903-302C-495C-9060-1B0E62C542FF}.Debug|x86.ActiveCfg = Debug|Any CPU
		{B0F19903-302C-495C-9060-1B0E62C542FF}.Debug|x86.Build.0 = Debug|Any CPU
		{B0F19903-302C-495C-9060-1B0E62C542FF}.Release|Any CPU.ActiveCfg = Release|Any CPU
		{B0F19903-302C-495C-9060-1B0E62C542FF}.Release|Any CPU.Build.0 = Release|Any CPU
		{B0F19903-302C-495C-9060-1B0E62C542FF}.Release|x64.ActiveCfg = Release|Any CPU
		{B0F19903-302C-495C-9060-1B0E62C542FF}.Release|x64.Build.0 = Release|Any CPU
		{B0F19903-302C-495C-9060-1B0E62C542FF}.Release|x86.ActiveCfg = Release|Any CPU
		{B0F19903-302C-495C-9060-1B0E62C542FF}.Release|x86.Build.0 = Release|Any CPU
		{F5713213-D2C2-4EB9-944F-FC8244D4A557}.Debug|Any CPU.ActiveCfg = Debug|Any CPU
		{F5713213-D2C2-4EB9-944F-FC8244D4A557}.Debug|Any CPU.Build.0 = Debug|Any CPU
		{F5713213-D2C2-4EB9-944F-FC8244D4A557}.Debug|x64.ActiveCfg = Debug|Any CPU
		{F5713213-D2C2-4EB9-944F-FC8244D4A557}.Debug|x64.Build.0 = Debug|Any CPU
		{F5713213-D2C2-4EB9-944F-FC8244D4A557}.Debug|x86.ActiveCfg = Debug|Any CPU
		{F5713213-D2C2-4EB9-944F-FC8244D4A557}.Debug|x86.Build.0 = Debug|Any CPU
		{F5713213-D2C2-4EB9-944F-FC8244D4A557}.Release|Any CPU.ActiveCfg = Release|Any CPU
		{F5713213-D2C2-4EB9-944F-FC8244D4A557}.Release|Any CPU.Build.0 = Release|Any CPU
		{F5713213-D2C2-4EB9-944F-FC8244D4A557}.Release|x64.ActiveCfg = Release|Any CPU
		{F5713213-D2C2-4EB9-944F-FC8244D4A557}.Release|x64.Build.0 = Release|Any CPU
		{F5713213-D2C2-4EB9-944F-FC8244D4A557}.Release|x86.ActiveCfg = Release|Any CPU
		{F5713213-D2C2-4EB9-944F-FC8244D4A557}.Release|x86.Build.0 = Release|Any CPU
		{3DE71CF9-7004-4025-B23D-57D67819EC10}.Debug|Any CPU.ActiveCfg = Debug|Any CPU
		{3DE71CF9-7004-4025-B23D-57D67819EC10}.Debug|Any CPU.Build.0 = Debug|Any CPU
		{3DE71CF9-7004-4025-B23D-57D67819EC10}.Debug|x64.ActiveCfg = Debug|Any CPU
		{3DE71CF9-7004-4025-B23D-57D67819EC10}.Debug|x64.Build.0 = Debug|Any CPU
		{3DE71CF9-7004-4025-B23D-57D67819EC10}.Debug|x86.ActiveCfg = Debug|Any CPU
		{3DE71CF9-7004-4025-B23D-57D67819EC10}.Debug|x86.Build.0 = Debug|Any CPU
		{3DE71CF9-7004-4025-B23D-57D67819EC10}.Release|Any CPU.ActiveCfg = Release|Any CPU
		{3DE71CF9-7004-4025-B23D-57D67819EC10}.Release|Any CPU.Build.0 = Release|Any CPU
		{3DE71CF9-7004-4025-B23D-57D67819EC10}.Release|x64.ActiveCfg = Release|Any CPU
		{3DE71CF9-7004-4025-B23D-57D67819EC10}.Release|x64.Build.0 = Release|Any CPU
		{3DE71CF9-7004-4025-B23D-57D67819EC10}.Release|x86.ActiveCfg = Release|Any CPU
		{3DE71CF9-7004-4025-B23D-57D67819EC10}.Release|x86.Build.0 = Release|Any CPU
		{968065ED-7282-4202-91D3-898B0EC9F9BF}.Debug|Any CPU.ActiveCfg = Debug|Any CPU
		{968065ED-7282-4202-91D3-898B0EC9F9BF}.Debug|Any CPU.Build.0 = Debug|Any CPU
		{968065ED-7282-4202-91D3-898B0EC9F9BF}.Debug|x64.ActiveCfg = Debug|Any CPU
		{968065ED-7282-4202-91D3-898B0EC9F9BF}.Debug|x64.Build.0 = Debug|Any CPU
		{968065ED-7282-4202-91D3-898B0EC9F9BF}.Debug|x86.ActiveCfg = Debug|Any CPU
		{968065ED-7282-4202-91D3-898B0EC9F9BF}.Debug|x86.Build.0 = Debug|Any CPU
		{968065ED-7282-4202-91D3-898B0EC9F9BF}.Release|Any CPU.ActiveCfg = Release|Any CPU
		{968065ED-7282-4202-91D3-898B0EC9F9BF}.Release|Any CPU.Build.0 = Release|Any CPU
		{968065ED-7282-4202-91D3-898B0EC9F9BF}.Release|x64.ActiveCfg = Release|Any CPU
		{968065ED-7282-4202-91D3-898B0EC9F9BF}.Release|x64.Build.0 = Release|Any CPU
		{968065ED-7282-4202-91D3-898B0EC9F9BF}.Release|x86.ActiveCfg = Release|Any CPU
		{968065ED-7282-4202-91D3-898B0EC9F9BF}.Release|x86.Build.0 = Release|Any CPU
		{C3C0F5DE-31D6-4072-B64E-9CA8AA475F26}.Debug|Any CPU.ActiveCfg = Debug|Any CPU
		{C3C0F5DE-31D6-4072-B64E-9CA8AA475F26}.Debug|Any CPU.Build.0 = Debug|Any CPU
		{C3C0F5DE-31D6-4072-B64E-9CA8AA475F26}.Debug|x64.ActiveCfg = Debug|Any CPU
		{C3C0F5DE-31D6-4072-B64E-9CA8AA475F26}.Debug|x64.Build.0 = Debug|Any CPU
		{C3C0F5DE-31D6-4072-B64E-9CA8AA475F26}.Debug|x86.ActiveCfg = Debug|Any CPU
		{C3C0F5DE-31D6-4072-B64E-9CA8AA475F26}.Debug|x86.Build.0 = Debug|Any CPU
		{C3C0F5DE-31D6-4072-B64E-9CA8AA475F26}.Release|Any CPU.ActiveCfg = Release|Any CPU
		{C3C0F5DE-31D6-4072-B64E-9CA8AA475F26}.Release|Any CPU.Build.0 = Release|Any CPU
		{C3C0F5DE-31D6-4072-B64E-9CA8AA475F26}.Release|x64.ActiveCfg = Release|Any CPU
		{C3C0F5DE-31D6-4072-B64E-9CA8AA475F26}.Release|x64.Build.0 = Release|Any CPU
		{C3C0F5DE-31D6-4072-B64E-9CA8AA475F26}.Release|x86.ActiveCfg = Release|Any CPU
		{C3C0F5DE-31D6-4072-B64E-9CA8AA475F26}.Release|x86.Build.0 = Release|Any CPU
		{CCF87667-CE3C-4FCA-BDD8-CBC176978512}.Debug|Any CPU.ActiveCfg = Debug|Any CPU
		{CCF87667-CE3C-4FCA-BDD8-CBC176978512}.Debug|Any CPU.Build.0 = Debug|Any CPU
		{CCF87667-CE3C-4FCA-BDD8-CBC176978512}.Debug|x64.ActiveCfg = Debug|Any CPU
		{CCF87667-CE3C-4FCA-BDD8-CBC176978512}.Debug|x64.Build.0 = Debug|Any CPU
		{CCF87667-CE3C-4FCA-BDD8-CBC176978512}.Debug|x86.ActiveCfg = Debug|Any CPU
		{CCF87667-CE3C-4FCA-BDD8-CBC176978512}.Debug|x86.Build.0 = Debug|Any CPU
		{CCF87667-CE3C-4FCA-BDD8-CBC176978512}.Release|Any CPU.ActiveCfg = Release|Any CPU
		{CCF87667-CE3C-4FCA-BDD8-CBC176978512}.Release|Any CPU.Build.0 = Release|Any CPU
		{CCF87667-CE3C-4FCA-BDD8-CBC176978512}.Release|x64.ActiveCfg = Release|Any CPU
		{CCF87667-CE3C-4FCA-BDD8-CBC176978512}.Release|x64.Build.0 = Release|Any CPU
		{CCF87667-CE3C-4FCA-BDD8-CBC176978512}.Release|x86.ActiveCfg = Release|Any CPU
		{CCF87667-CE3C-4FCA-BDD8-CBC176978512}.Release|x86.Build.0 = Release|Any CPU
	EndGlobalSection
	GlobalSection(SolutionProperties) = preSolution
		HideSolutionNode = FALSE
	EndGlobalSection
	GlobalSection(NestedProjects) = preSolution
		{F5713213-D2C2-4EB9-944F-FC8244D4A557} = {02B1B6C7-A205-4CEE-9D83-79E2BDE0EE1A}
		{3DE71CF9-7004-4025-B23D-57D67819EC10} = {02B1B6C7-A205-4CEE-9D83-79E2BDE0EE1A}
		{968065ED-7282-4202-91D3-898B0EC9F9BF} = {02B1B6C7-A205-4CEE-9D83-79E2BDE0EE1A}
		{C3C0F5DE-31D6-4072-B64E-9CA8AA475F26} = {02B1B6C7-A205-4CEE-9D83-79E2BDE0EE1A}
		{CCF87667-CE3C-4FCA-BDD8-CBC176978512} = {02B1B6C7-A205-4CEE-9D83-79E2BDE0EE1A}
	EndGlobalSection
	GlobalSection(ExtensibilityGlobals) = postSolution
		SolutionGuid = {0087D3BB-BF8B-4F73-A93F-0F283B74A6CC}
	EndGlobalSection
EndGlobal
